// !$*UTF8*$!
{
	archiveVersion = 1;
	classes = {
	};
	objectVersion = 48;
	objects = {

/* Begin PBXBuildFile section */
		F0DEAF4D20B6724700253DA3 /* AppDelegate.swift in Sources */ = {isa = PBXBuildFile; fileRef = F0DEAF4C20B6724700253DA3 /* AppDelegate.swift */; };
		F0DEAF4F20B6724700253DA3 /* ViewController.swift in Sources */ = {isa = PBXBuildFile; fileRef = F0DEAF4E20B6724700253DA3 /* ViewController.swift */; };
		F0DEAF5220B6724700253DA3 /* Main.storyboard in Resources */ = {isa = PBXBuildFile; fileRef = F0DEAF5020B6724700253DA3 /* Main.storyboard */; };
		F0DEAF5420B6724700253DA3 /* Assets.xcassets in Resources */ = {isa = PBXBuildFile; fileRef = F0DEAF5320B6724700253DA3 /* Assets.xcassets */; };
		F0DEAF5720B6724700253DA3 /* LaunchScreen.storyboard in Resources */ = {isa = PBXBuildFile; fileRef = F0DEAF5520B6724700253DA3 /* LaunchScreen.storyboard */; };
		F0DEAF6220B6724800253DA3 /* OfflineVoiceRecognitionTests.swift in Sources */ = {isa = PBXBuildFile; fileRef = F0DEAF6120B6724800253DA3 /* OfflineVoiceRecognitionTests.swift */; };
		F0DEAF6D20B6724800253DA3 /* OfflineVoiceRecognitionUITests.swift in Sources */ = {isa = PBXBuildFile; fileRef = F0DEAF6C20B6724800253DA3 /* OfflineVoiceRecognitionUITests.swift */; };
		F0DEAF7B20B674BA00253DA3 /* IMG_3015.jpg in Resources */ = {isa = PBXBuildFile; fileRef = F0DEAF7A20B674B900253DA3 /* IMG_3015.jpg */; };
		F0DEAF7F20B675C700253DA3 /* OpenEars.framework in Frameworks */ = {isa = PBXBuildFile; fileRef = F0DEAF7D20B675C700253DA3 /* OpenEars.framework */; };
		F0DEAF8020B675C700253DA3 /* AcousticModelEnglish.bundle in Resources */ = {isa = PBXBuildFile; fileRef = F0DEAF7E20B675C700253DA3 /* AcousticModelEnglish.bundle */; };
		F0DEAF8320B6761B00253DA3 /* AudioToolbox.framework in Frameworks */ = {isa = PBXBuildFile; fileRef = F0DEAF8220B6761B00253DA3 /* AudioToolbox.framework */; };
		F0DEAF8520B6762100253DA3 /* AVFoundation.framework in Frameworks */ = {isa = PBXBuildFile; fileRef = F0DEAF8420B6762100253DA3 /* AVFoundation.framework */; };
		F0DEAF8720B6764300253DA3 /* word.txt in Resources */ = {isa = PBXBuildFile; fileRef = F0DEAF8620B6764300253DA3 /* word.txt */; };
		F0DEAF9120B6789E00253DA3 /* OfflineVoiceRecognitionExtensions.swift in Sources */ = {isa = PBXBuildFile; fileRef = F0DEAF9020B6789E00253DA3 /* OfflineVoiceRecognitionExtensions.swift */; };
		F0DEAF9220B6867800253DA3 /* FontAwesome.otf in Resources */ = {isa = PBXBuildFile; fileRef = F0DEAF8F20B6788B00253DA3 /* FontAwesome.otf */; };
/* End PBXBuildFile section */

/* Begin PBXContainerItemProxy section */
		F0DEAF5E20B6724800253DA3 /* PBXContainerItemProxy */ = {
			isa = PBXContainerItemProxy;
			containerPortal = F0DEAF4120B6724700253DA3 /* Project object */;
			proxyType = 1;
			remoteGlobalIDString = F0DEAF4820B6724700253DA3;
			remoteInfo = OfflineVoiceRecognition;
		};
		F0DEAF6920B6724800253DA3 /* PBXContainerItemProxy */ = {
			isa = PBXContainerItemProxy;
			containerPortal = F0DEAF4120B6724700253DA3 /* Project object */;
			proxyType = 1;
			remoteGlobalIDString = F0DEAF4820B6724700253DA3;
			remoteInfo = OfflineVoiceRecognition;
		};
/* End PBXContainerItemProxy section */

/* Begin PBXFileReference section */
		F0DEAF4920B6724700253DA3 /* OfflineVoiceRecognition.app */ = {isa = PBXFileReference; explicitFileType = wrapper.application; includeInIndex = 0; path = OfflineVoiceRecognition.app; sourceTree = BUILT_PRODUCTS_DIR; };
		F0DEAF4C20B6724700253DA3 /* AppDelegate.swift */ = {isa = PBXFileReference; lastKnownFileType = sourcecode.swift; path = AppDelegate.swift; sourceTree = "<group>"; };
		F0DEAF4E20B6724700253DA3 /* ViewController.swift */ = {isa = PBXFileReference; lastKnownFileType = sourcecode.swift; path = ViewController.swift; sourceTree = "<group>"; };
		F0DEAF5120B6724700253DA3 /* Base */ = {isa = PBXFileReference; lastKnownFileType = file.storyboard; name = Base; path = Base.lproj/Main.storyboard; sourceTree = "<group>"; };
		F0DEAF5320B6724700253DA3 /* Assets.xcassets */ = {isa = PBXFileReference; lastKnownFileType = folder.assetcatalog; path = Assets.xcassets; sourceTree = "<group>"; };
		F0DEAF5620B6724700253DA3 /* Base */ = {isa = PBXFileReference; lastKnownFileType = file.storyboard; name = Base; path = Base.lproj/LaunchScreen.storyboard; sourceTree = "<group>"; };
		F0DEAF5820B6724700253DA3 /* Info.plist */ = {isa = PBXFileReference; lastKnownFileType = text.plist.xml; path = Info.plist; sourceTree = "<group>"; };
		F0DEAF5D20B6724800253DA3 /* OfflineVoiceRecognitionTests.xctest */ = {isa = PBXFileReference; explicitFileType = wrapper.cfbundle; includeInIndex = 0; path = OfflineVoiceRecognitionTests.xctest; sourceTree = BUILT_PRODUCTS_DIR; };
		F0DEAF6120B6724800253DA3 /* OfflineVoiceRecognitionTests.swift */ = {isa = PBXFileReference; lastKnownFileType = sourcecode.swift; path = OfflineVoiceRecognitionTests.swift; sourceTree = "<group>"; };
		F0DEAF6320B6724800253DA3 /* Info.plist */ = {isa = PBXFileReference; lastKnownFileType = text.plist.xml; path = Info.plist; sourceTree = "<group>"; };
		F0DEAF6820B6724800253DA3 /* OfflineVoiceRecognitionUITests.xctest */ = {isa = PBXFileReference; explicitFileType = wrapper.cfbundle; includeInIndex = 0; path = OfflineVoiceRecognitionUITests.xctest; sourceTree = BUILT_PRODUCTS_DIR; };
		F0DEAF6C20B6724800253DA3 /* OfflineVoiceRecognitionUITests.swift */ = {isa = PBXFileReference; lastKnownFileType = sourcecode.swift; path = OfflineVoiceRecognitionUITests.swift; sourceTree = "<group>"; };
		F0DEAF6E20B6724800253DA3 /* Info.plist */ = {isa = PBXFileReference; lastKnownFileType = text.plist.xml; path = Info.plist; sourceTree = "<group>"; };
		F0DEAF7A20B674B900253DA3 /* IMG_3015.jpg */ = {isa = PBXFileReference; lastKnownFileType = image.jpeg; path = IMG_3015.jpg; sourceTree = "<group>"; };
		F0DEAF7D20B675C700253DA3 /* OpenEars.framework */ = {isa = PBXFileReference; lastKnownFileType = wrapper.framework; path = OpenEars.framework; sourceTree = "<group>"; };
		F0DEAF7E20B675C700253DA3 /* AcousticModelEnglish.bundle */ = {isa = PBXFileReference; lastKnownFileType = "wrapper.plug-in"; path = AcousticModelEnglish.bundle; sourceTree = "<group>"; };
		F0DEAF8220B6761B00253DA3 /* AudioToolbox.framework */ = {isa = PBXFileReference; lastKnownFileType = wrapper.framework; name = AudioToolbox.framework; path = System/Library/Frameworks/AudioToolbox.framework; sourceTree = SDKROOT; };
		F0DEAF8420B6762100253DA3 /* AVFoundation.framework */ = {isa = PBXFileReference; lastKnownFileType = wrapper.framework; name = AVFoundation.framework; path = System/Library/Frameworks/AVFoundation.framework; sourceTree = SDKROOT; };
		F0DEAF8620B6764300253DA3 /* word.txt */ = {isa = PBXFileReference; fileEncoding = 4; lastKnownFileType = text; path = word.txt; sourceTree = "<group>"; };
		F0DEAF8B20B6783A00253DA3 /* OfflineVoiceRecognition-Bridging-Header.h */ = {isa = PBXFileReference; lastKnownFileType = sourcecode.c.h; path = "OfflineVoiceRecognition-Bridging-Header.h"; sourceTree = "<group>"; };
		F0DEAF8F20B6788B00253DA3 /* FontAwesome.otf */ = {isa = PBXFileReference; lastKnownFileType = file; path = FontAwesome.otf; sourceTree = "<group>"; };
		F0DEAF9020B6789E00253DA3 /* OfflineVoiceRecognitionExtensions.swift */ = {isa = PBXFileReference; fileEncoding = 4; lastKnownFileType = sourcecode.swift; path = OfflineVoiceRecognitionExtensions.swift; sourceTree = "<group>"; };
/* End PBXFileReference section */

/* Begin PBXFrameworksBuildPhase section */
		F0DEAF4620B6724700253DA3 /* Frameworks */ = {
			isa = PBXFrameworksBuildPhase;
			buildActionMask = 2147483647;
			files = (
				F0DEAF8520B6762100253DA3 /* AVFoundation.framework in Frameworks */,
				F0DEAF8320B6761B00253DA3 /* AudioToolbox.framework in Frameworks */,
				F0DEAF7F20B675C700253DA3 /* OpenEars.framework in Frameworks */,
			);
			runOnlyForDeploymentPostprocessing = 0;
		};
		F0DEAF5A20B6724800253DA3 /* Frameworks */ = {
			isa = PBXFrameworksBuildPhase;
			buildActionMask = 2147483647;
			files = (
			);
			runOnlyForDeploymentPostprocessing = 0;
		};
		F0DEAF6520B6724800253DA3 /* Frameworks */ = {
			isa = PBXFrameworksBuildPhase;
			buildActionMask = 2147483647;
			files = (
			);
			runOnlyForDeploymentPostprocessing = 0;
		};
/* End PBXFrameworksBuildPhase section */

/* Begin PBXGroup section */
		F0DEAF4020B6724700253DA3 = {
			isa = PBXGroup;
			children = (
				F0DEAF4B20B6724700253DA3 /* OfflineVoiceRecognition */,
				F0DEAF6020B6724800253DA3 /* OfflineVoiceRecognitionTests */,
				F0DEAF6B20B6724800253DA3 /* OfflineVoiceRecognitionUITests */,
				F0DEAF4A20B6724700253DA3 /* Products */,
				F0DEAF8120B6761B00253DA3 /* Frameworks */,
			);
			sourceTree = "<group>";
		};
		F0DEAF4A20B6724700253DA3 /* Products */ = {
			isa = PBXGroup;
			children = (
				F0DEAF4920B6724700253DA3 /* OfflineVoiceRecognition.app */,
				F0DEAF5D20B6724800253DA3 /* OfflineVoiceRecognitionTests.xctest */,
				F0DEAF6820B6724800253DA3 /* OfflineVoiceRecognitionUITests.xctest */,
			);
			name = Products;
			sourceTree = "<group>";
		};
		F0DEAF4B20B6724700253DA3 /* OfflineVoiceRecognition */ = {
			isa = PBXGroup;
			children = (
				F0DEAF8B20B6783A00253DA3 /* OfflineVoiceRecognition-Bridging-Header.h */,
				F0DEAF9020B6789E00253DA3 /* OfflineVoiceRecognitionExtensions.swift */,
				F0DEAF4C20B6724700253DA3 /* AppDelegate.swift */,
				F0DEAF4E20B6724700253DA3 /* ViewController.swift */,
				F0DEAF7A20B674B900253DA3 /* IMG_3015.jpg */,
				F0DEAF5020B6724700253DA3 /* Main.storyboard */,
				F0DEAF5320B6724700253DA3 /* Assets.xcassets */,
				F0DEAF5520B6724700253DA3 /* LaunchScreen.storyboard */,
				F0DEAF5820B6724700253DA3 /* Info.plist */,
				F0DEAF8620B6764300253DA3 /* word.txt */,
				F0DEAF8F20B6788B00253DA3 /* FontAwesome.otf */,
				F0DEAF7C20B675C700253DA3 /* Framework */,
			);
			path = OfflineVoiceRecognition;
			sourceTree = "<group>";
		};
		F0DEAF6020B6724800253DA3 /* OfflineVoiceRecognitionTests */ = {
			isa = PBXGroup;
			children = (
				F0DEAF6120B6724800253DA3 /* OfflineVoiceRecognitionTests.swift */,
				F0DEAF6320B6724800253DA3 /* Info.plist */,
			);
			path = OfflineVoiceRecognitionTests;
			sourceTree = "<group>";
		};
		F0DEAF6B20B6724800253DA3 /* OfflineVoiceRecognitionUITests */ = {
			isa = PBXGroup;
			children = (
				F0DEAF6C20B6724800253DA3 /* OfflineVoiceRecognitionUITests.swift */,
				F0DEAF6E20B6724800253DA3 /* Info.plist */,
			);
			path = OfflineVoiceRecognitionUITests;
			sourceTree = "<group>";
		};
		F0DEAF7C20B675C700253DA3 /* Framework */ = {
			isa = PBXGroup;
			children = (
				F0DEAF7D20B675C700253DA3 /* OpenEars.framework */,
				F0DEAF7E20B675C700253DA3 /* AcousticModelEnglish.bundle */,
			);
			path = Framework;
			sourceTree = "<group>";
		};
		F0DEAF8120B6761B00253DA3 /* Frameworks */ = {
			isa = PBXGroup;
			children = (
				F0DEAF8420B6762100253DA3 /* AVFoundation.framework */,
				F0DEAF8220B6761B00253DA3 /* AudioToolbox.framework */,
			);
			name = Frameworks;
			sourceTree = "<group>";
		};
/* End PBXGroup section */

/* Begin PBXNativeTarget section */
		F0DEAF4820B6724700253DA3 /* OfflineVoiceRecognition */ = {
			isa = PBXNativeTarget;
			buildConfigurationList = F0DEAF7120B6724800253DA3 /* Build configuration list for PBXNativeTarget "OfflineVoiceRecognition" */;
			buildPhases = (
				F0DEAF4520B6724700253DA3 /* Sources */,
				F0DEAF4620B6724700253DA3 /* Frameworks */,
				F0DEAF4720B6724700253DA3 /* Resources */,
			);
			buildRules = (
			);
			dependencies = (
			);
			name = OfflineVoiceRecognition;
			productName = OfflineVoiceRecognition;
			productReference = F0DEAF4920B6724700253DA3 /* OfflineVoiceRecognition.app */;
			productType = "com.apple.product-type.application";
		};
		F0DEAF5C20B6724800253DA3 /* OfflineVoiceRecognitionTests */ = {
			isa = PBXNativeTarget;
			buildConfigurationList = F0DEAF7420B6724800253DA3 /* Build configuration list for PBXNativeTarget "OfflineVoiceRecognitionTests" */;
			buildPhases = (
				F0DEAF5920B6724800253DA3 /* Sources */,
				F0DEAF5A20B6724800253DA3 /* Frameworks */,
				F0DEAF5B20B6724800253DA3 /* Resources */,
			);
			buildRules = (
			);
			dependencies = (
				F0DEAF5F20B6724800253DA3 /* PBXTargetDependency */,
			);
			name = OfflineVoiceRecognitionTests;
			productName = OfflineVoiceRecognitionTests;
			productReference = F0DEAF5D20B6724800253DA3 /* OfflineVoiceRecognitionTests.xctest */;
			productType = "com.apple.product-type.bundle.unit-test";
		};
		F0DEAF6720B6724800253DA3 /* OfflineVoiceRecognitionUITests */ = {
			isa = PBXNativeTarget;
			buildConfigurationList = F0DEAF7720B6724800253DA3 /* Build configuration list for PBXNativeTarget "OfflineVoiceRecognitionUITests" */;
			buildPhases = (
				F0DEAF6420B6724800253DA3 /* Sources */,
				F0DEAF6520B6724800253DA3 /* Frameworks */,
				F0DEAF6620B6724800253DA3 /* Resources */,
			);
			buildRules = (
			);
			dependencies = (
				F0DEAF6A20B6724800253DA3 /* PBXTargetDependency */,
			);
			name = OfflineVoiceRecognitionUITests;
			productName = OfflineVoiceRecognitionUITests;
			productReference = F0DEAF6820B6724800253DA3 /* OfflineVoiceRecognitionUITests.xctest */;
			productType = "com.apple.product-type.bundle.ui-testing";
		};
/* End PBXNativeTarget section */

/* Begin PBXProject section */
		F0DEAF4120B6724700253DA3 /* Project object */ = {
			isa = PBXProject;
			attributes = {
				LastSwiftUpdateCheck = 0920;
				LastUpgradeCheck = 0920;
				ORGANIZATIONNAME = Saravanakumar;
				TargetAttributes = {
					F0DEAF4820B6724700253DA3 = {
						CreatedOnToolsVersion = 9.2;
						LastSwiftMigration = 0920;
						ProvisioningStyle = Automatic;
					};
					F0DEAF5C20B6724800253DA3 = {
						CreatedOnToolsVersion = 9.2;
						ProvisioningStyle = Automatic;
						TestTargetID = F0DEAF4820B6724700253DA3;
					};
					F0DEAF6720B6724800253DA3 = {
						CreatedOnToolsVersion = 9.2;
						ProvisioningStyle = Automatic;
						TestTargetID = F0DEAF4820B6724700253DA3;
					};
				};
			};
			buildConfigurationList = F0DEAF4420B6724700253DA3 /* Build configuration list for PBXProject "OfflineVoiceRecognition" */;
			compatibilityVersion = "Xcode 8.0";
			developmentRegion = en;
			hasScannedForEncodings = 0;
			knownRegions = (
				en,
				Base,
			);
			mainGroup = F0DEAF4020B6724700253DA3;
			productRefGroup = F0DEAF4A20B6724700253DA3 /* Products */;
			projectDirPath = "";
			projectRoot = "";
			targets = (
				F0DEAF4820B6724700253DA3 /* OfflineVoiceRecognition */,
				F0DEAF5C20B6724800253DA3 /* OfflineVoiceRecognitionTests */,
				F0DEAF6720B6724800253DA3 /* OfflineVoiceRecognitionUITests */,
			);
		};
/* End PBXProject section */

/* Begin PBXResourcesBuildPhase section */
		F0DEAF4720B6724700253DA3 /* Resources */ = {
			isa = PBXResourcesBuildPhase;
			buildActionMask = 2147483647;
			files = (
				F0DEAF9220B6867800253DA3 /* FontAwesome.otf in Resources */,
				F0DEAF7B20B674BA00253DA3 /* IMG_3015.jpg in Resources */,
				F0DEAF5720B6724700253DA3 /* LaunchScreen.storyboard in Resources */,
				F0DEAF5420B6724700253DA3 /* Assets.xcassets in Resources */,
				F0DEAF8020B675C700253DA3 /* AcousticModelEnglish.bundle in Resources */,
				F0DEAF8720B6764300253DA3 /* word.txt in Resources */,
				F0DEAF5220B6724700253DA3 /* Main.storyboard in Resources */,
			);
			runOnlyForDeploymentPostprocessing = 0;
		};
		F0DEAF5B20B6724800253DA3 /* Resources */ = {
			isa = PBXResourcesBuildPhase;
			buildActionMask = 2147483647;
			files = (
			);
			runOnlyForDeploymentPostprocessing = 0;
		};
		F0DEAF6620B6724800253DA3 /* Resources */ = {
			isa = PBXResourcesBuildPhase;
			buildActionMask = 2147483647;
			files = (
			);
			runOnlyForDeploymentPostprocessing = 0;
		};
/* End PBXResourcesBuildPhase section */

/* Begin PBXSourcesBuildPhase section */
		F0DEAF4520B6724700253DA3 /* Sources */ = {
			isa = PBXSourcesBuildPhase;
			buildActionMask = 2147483647;
			files = (
				F0DEAF9120B6789E00253DA3 /* OfflineVoiceRecognitionExtensions.swift in Sources */,
				F0DEAF4F20B6724700253DA3 /* ViewController.swift in Sources */,
				F0DEAF4D20B6724700253DA3 /* AppDelegate.swift in Sources */,
			);
			runOnlyForDeploymentPostprocessing = 0;
		};
		F0DEAF5920B6724800253DA3 /* Sources */ = {
			isa = PBXSourcesBuildPhase;
			buildActionMask = 2147483647;
			files = (
				F0DEAF6220B6724800253DA3 /* OfflineVoiceRecognitionTests.swift in Sources */,
			);
			runOnlyForDeploymentPostprocessing = 0;
		};
		F0DEAF6420B6724800253DA3 /* Sources */ = {
			isa = PBXSourcesBuildPhase;
			buildActionMask = 2147483647;
			files = (
				F0DEAF6D20B6724800253DA3 /* OfflineVoiceRecognitionUITests.swift in Sources */,
			);
			runOnlyForDeploymentPostprocessing = 0;
		};
/* End PBXSourcesBuildPhase section */

/* Begin PBXTargetDependency section */
		F0DEAF5F20B6724800253DA3 /* PBXTargetDependency */ = {
			isa = PBXTargetDependency;
			target = F0DEAF4820B6724700253DA3 /* OfflineVoiceRecognition */;
			targetProxy = F0DEAF5E20B6724800253DA3 /* PBXContainerItemProxy */;
		};
		F0DEAF6A20B6724800253DA3 /* PBXTargetDependency */ = {
			isa = PBXTargetDependency;
			target = F0DEAF4820B6724700253DA3 /* OfflineVoiceRecognition */;
			targetProxy = F0DEAF6920B6724800253DA3 /* PBXContainerItemProxy */;
		};
/* End PBXTargetDependency section */

/* Begin PBXVariantGroup section */
		F0DEAF5020B6724700253DA3 /* Main.storyboard */ = {
			isa = PBXVariantGroup;
			children = (
				F0DEAF5120B6724700253DA3 /* Base */,
			);
			name = Main.storyboard;
			sourceTree = "<group>";
		};
		F0DEAF5520B6724700253DA3 /* LaunchScreen.storyboard */ = {
			isa = PBXVariantGroup;
			children = (
				F0DEAF5620B6724700253DA3 /* Base */,
			);
			name = LaunchScreen.storyboard;
			sourceTree = "<group>";
		};
/* End PBXVariantGroup section */

/* Begin XCBuildConfiguration section */
		F0DEAF6F20B6724800253DA3 /* Debug */ = {
			isa = XCBuildConfiguration;
			buildSettings = {
				ALWAYS_SEARCH_USER_PATHS = NO;
				CLANG_ANALYZER_NONNULL = YES;
				CLANG_ANALYZER_NUMBER_OBJECT_CONVERSION = YES_AGGRESSIVE;
				CLANG_CXX_LANGUAGE_STANDARD = "gnu++14";
				CLANG_CXX_LIBRARY = "libc++";
				CLANG_ENABLE_MODULES = YES;
				CLANG_ENABLE_OBJC_ARC = YES;
				CLANG_WARN_BLOCK_CAPTURE_AUTORELEASING = YES;
				CLANG_WARN_BOOL_CONVERSION = YES;
				CLANG_WARN_COMMA = YES;
				CLANG_WARN_CONSTANT_CONVERSION = YES;
				CLANG_WARN_DIRECT_OBJC_ISA_USAGE = YES_ERROR;
				CLANG_WARN_DOCUMENTATION_COMMENTS = YES;
				CLANG_WARN_EMPTY_BODY = YES;
				CLANG_WARN_ENUM_CONVERSION = YES;
				CLANG_WARN_INFINITE_RECURSION = YES;
				CLANG_WARN_INT_CONVERSION = YES;
				CLANG_WARN_NON_LITERAL_NULL_CONVERSION = YES;
				CLANG_WARN_OBJC_LITERAL_CONVERSION = YES;
				CLANG_WARN_OBJC_ROOT_CLASS = YES_ERROR;
				CLANG_WARN_RANGE_LOOP_ANALYSIS = YES;
				CLANG_WARN_STRICT_PROTOTYPES = YES;
				CLANG_WARN_SUSPICIOUS_MOVE = YES;
				CLANG_WARN_UNGUARDED_AVAILABILITY = YES_AGGRESSIVE;
				CLANG_WARN_UNREACHABLE_CODE = YES;
				CLANG_WARN__DUPLICATE_METHOD_MATCH = YES;
				CODE_SIGN_IDENTITY = "iPhone Developer";
				COPY_PHASE_STRIP = NO;
				DEBUG_INFORMATION_FORMAT = dwarf;
				ENABLE_STRICT_OBJC_MSGSEND = YES;
				ENABLE_TESTABILITY = YES;
				GCC_C_LANGUAGE_STANDARD = gnu11;
				GCC_DYNAMIC_NO_PIC = NO;
				GCC_NO_COMMON_BLOCKS = YES;
				GCC_OPTIMIZATION_LEVEL = 0;
				GCC_PREPROCESSOR_DEFINITIONS = (
					"DEBUG=1",
					"$(inherited)",
				);
				GCC_WARN_64_TO_32_BIT_CONVERSION = YES;
				GCC_WARN_ABOUT_RETURN_TYPE = YES_ERROR;
				GCC_WARN_UNDECLARED_SELECTOR = YES;
				GCC_WARN_UNINITIALIZED_AUTOS = YES_AGGRESSIVE;
				GCC_WARN_UNUSED_FUNCTION = YES;
				GCC_WARN_UNUSED_VARIABLE = YES;
				IPHONEOS_DEPLOYMENT_TARGET = 11.2;
				MTL_ENABLE_DEBUG_INFO = YES;
				ONLY_ACTIVE_ARCH = YES;
				SDKROOT = iphoneos;
				SWIFT_ACTIVE_COMPILATION_CONDITIONS = DEBUG;
				SWIFT_OPTIMIZATION_LEVEL = "-Onone";
			};
			name = Debug;
		};
		F0DEAF7020B6724800253DA3 /* Release */ = {
			isa = XCBuildConfiguration;
			buildSettings = {
				ALWAYS_SEARCH_USER_PATHS = NO;
				CLANG_ANALYZER_NONNULL = YES;
				CLANG_ANALYZER_NUMBER_OBJECT_CONVERSION = YES_AGGRESSIVE;
				CLANG_CXX_LANGUAGE_STANDARD = "gnu++14";
				CLANG_CXX_LIBRARY = "libc++";
				CLANG_ENABLE_MODULES = YES;
				CLANG_ENABLE_OBJC_ARC = YES;
				CLANG_WARN_BLOCK_CAPTURE_AUTORELEASING = YES;
				CLANG_WARN_BOOL_CONVERSION = YES;
				CLANG_WARN_COMMA = YES;
				CLANG_WARN_CONSTANT_CONVERSION = YES;
				CLANG_WARN_DIRECT_OBJC_ISA_USAGE = YES_ERROR;
				CLANG_WARN_DOCUMENTATION_COMMENTS = YES;
				CLANG_WARN_EMPTY_BODY = YES;
				CLANG_WARN_ENUM_CONVERSION = YES;
				CLANG_WARN_INFINITE_RECURSION = YES;
				CLANG_WARN_INT_CONVERSION = YES;
				CLANG_WARN_NON_LITERAL_NULL_CONVERSION = YES;
				CLANG_WARN_OBJC_LITERAL_CONVERSION = YES;
				CLANG_WARN_OBJC_ROOT_CLASS = YES_ERROR;
				CLANG_WARN_RANGE_LOOP_ANALYSIS = YES;
				CLANG_WARN_STRICT_PROTOTYPES = YES;
				CLANG_WARN_SUSPICIOUS_MOVE = YES;
				CLANG_WARN_UNGUARDED_AVAILABILITY = YES_AGGRESSIVE;
				CLANG_WARN_UNREACHABLE_CODE = YES;
				CLANG_WARN__DUPLICATE_METHOD_MATCH = YES;
				CODE_SIGN_IDENTITY = "iPhone Developer";
				COPY_PHASE_STRIP = NO;
				DEBUG_INFORMATION_FORMAT = "dwarf-with-dsym";
				ENABLE_NS_ASSERTIONS = NO;
				ENABLE_STRICT_OBJC_MSGSEND = YES;
				GCC_C_LANGUAGE_STANDARD = gnu11;
				GCC_NO_COMMON_BLOCKS = YES;
				GCC_WARN_64_TO_32_BIT_CONVERSION = YES;
				GCC_WARN_ABOUT_RETURN_TYPE = YES_ERROR;
				GCC_WARN_UNDECLARED_SELECTOR = YES;
				GCC_WARN_UNINITIALIZED_AUTOS = YES_AGGRESSIVE;
				GCC_WARN_UNUSED_FUNCTION = YES;
				GCC_WARN_UNUSED_VARIABLE = YES;
				IPHONEOS_DEPLOYMENT_TARGET = 11.2;
				MTL_ENABLE_DEBUG_INFO = NO;
				SDKROOT = iphoneos;
				SWIFT_OPTIMIZATION_LEVEL = "-Owholemodule";
				VALIDATE_PRODUCT = YES;
			};
			name = Release;
		};
		F0DEAF7220B6724800253DA3 /* Debug */ = {
			isa = XCBuildConfiguration;
			buildSettings = {
				ASSETCATALOG_COMPILER_APPICON_NAME = AppIcon;
				CLANG_ENABLE_MODULES = YES;
				CODE_SIGN_STYLE = Automatic;
				FRAMEWORK_SEARCH_PATHS = (
					"$(inherited)",
					"$(PROJECT_DIR)/OfflineVoiceRecognition/Framework",
				);
				INFOPLIST_FILE = OfflineVoiceRecognition/Info.plist;
				LD_RUNPATH_SEARCH_PATHS = "$(inherited) @executable_path/Frameworks";
				PRODUCT_BUNDLE_IDENTIFIER = com.OfflineVoiceRecognition;
				PRODUCT_NAME = "$(TARGET_NAME)";
				SWIFT_OBJC_BRIDGING_HEADER = "OfflineVoiceRecognition/OfflineVoiceRecognition-Bridging-Header.h";
				SWIFT_OPTIMIZATION_LEVEL = "-Onone";
				SWIFT_VERSION = 4.0;
				TARGETED_DEVICE_FAMILY = "1,2";
			};
			name = Debug;
		};
		F0DEAF7320B6724800253DA3 /* Release */ = {
			isa = XCBuildConfiguration;
			buildSettings = {
				ASSETCATALOG_COMPILER_APPICON_NAME = AppIcon;
				CLANG_ENABLE_MODULES = YES;
				CODE_SIGN_STYLE = Automatic;
				FRAMEWORK_SEARCH_PATHS = (
					"$(inherited)",
					"$(PROJECT_DIR)/OfflineVoiceRecognition/Framework",
				);
				INFOPLIST_FILE = OfflineVoiceRecognition/Info.plist;
				LD_RUNPATH_SEARCH_PATHS = "$(inherited) @executable_path/Frameworks";
				PRODUCT_BUNDLE_IDENTIFIER = com.OfflineVoiceRecognition;
				PRODUCT_NAME = "$(TARGET_NAME)";
				SWIFT_OBJC_BRIDGING_HEADER = "OfflineVoiceRecognition/OfflineVoiceRecognition-Bridging-Header.h";
				SWIFT_VERSION = 4.0;
				TARGETED_DEVICE_FAMILY = "1,2";
			};
			name = Release;
		};
		F0DEAF7520B6724800253DA3 /* Debug */ = {
			isa = XCBuildConfiguration;
			buildSettings = {
				ALWAYS_EMBED_SWIFT_STANDARD_LIBRARIES = YES;
				BUNDLE_LOADER = "$(TEST_HOST)";
				CODE_SIGN_STYLE = Automatic;
				INFOPLIST_FILE = OfflineVoiceRecognitionTests/Info.plist;
				LD_RUNPATH_SEARCH_PATHS = "$(inherited) @executable_path/Frameworks @loader_path/Frameworks";
				PRODUCT_BUNDLE_IDENTIFIER = com..OfflineVoiceRecognitionTests;
				PRODUCT_NAME = "$(TARGET_NAME)";
				SWIFT_VERSION = 4.0;
				TARGETED_DEVICE_FAMILY = "1,2";
				TEST_HOST = "$(BUILT_PRODUCTS_DIR)/OfflineVoiceRecognition.app/OfflineVoiceRecognition";
			};
			name = Debug;
		};
		F0DEAF7620B6724800253DA3 /* Release */ = {
			isa = XCBuildConfiguration;
			buildSettings = {
				ALWAYS_EMBED_SWIFT_STANDARD_LIBRARIES = YES;
				BUNDLE_LOADER = "$(TEST_HOST)";
				CODE_SIGN_STYLE = Automatic;
				INFOPLIST_FILE = OfflineVoiceRecognitionTests/Info.plist;
				LD_RUNPATH_SEARCH_PATHS = "$(inherited) @executable_path/Frameworks @loader_path/Frameworks";
				PRODUCT_BUNDLE_IDENTIFIER = com..OfflineVoiceRecognitionTests;
				PRODUCT_NAME = "$(TARGET_NAME)";
				SWIFT_VERSION = 4.0;
				TARGETED_DEVICE_FAMILY = "1,2";
				TEST_HOST = "$(BUILT_PRODUCTS_DIR)/OfflineVoiceRecognition.app/OfflineVoiceRecognition";
			};
			name = Release;
		};
		F0DEAF7820B6724800253DA3 /* Debug */ = {
			isa = XCBuildConfiguration;
			buildSettings = {
				ALWAYS_EMBED_SWIFT_STANDARD_LIBRARIES = YES;
				CODE_SIGN_STYLE = Automatic;
				INFOPLIST_FILE = OfflineVoiceRecognitionUITests/Info.plist;
				LD_RUNPATH_SEARCH_PATHS = "$(inherited) @executable_path/Frameworks @loader_path/Frameworks";
				PRODUCT_BUNDLE_IDENTIFIER = com..OfflineVoiceRecognitionUITests;
				PRODUCT_NAME = "$(TARGET_NAME)";
				SWIFT_VERSION = 4.0;
				TARGETED_DEVICE_FAMILY = "1,2";
				TEST_TARGET_NAME = OfflineVoiceRecognition;
			};
			name = Debug;
		};
		F0DEAF7920B6724800253DA3 /* Release */ = {
			isa = XCBuildConfiguration;
			buildSettings = {
				ALWAYS_EMBED_SWIFT_STANDARD_LIBRARIES = YES;
				CODE_SIGN_STYLE = Automatic;
				INFOPLIST_FILE = OfflineVoiceRecognitionUITests/Info.plist;
				LD_RUNPATH_SEARCH_PATHS = "$(inherited) @executable_path/Frameworks @loader_path/Frameworks";
				PRODUCT_BUNDLE_IDENTIFIER = com..OfflineVoiceRecognitionUITests;
				PRODUCT_NAME = "$(TARGET_NAME)";
				SWIFT_VERSION = 4.0;
				TARGETED_DEVICE_FAMILY = "1,2";
				TEST_TARGET_NAME = OfflineVoiceRecognition;
			};
			name = Release;
		};
/* End XCBuildConfiguration section */

/* Begin XCConfigurationList section */
		F0DEAF4420B6724700253DA3 /* Build configuration list for PBXProject "OfflineVoiceRecognition" */ = {
			isa = XCConfigurationList;
			buildConfigurations = (
				F0DEAF6F20B6724800253DA3 /* Debug */,
				F0DEAF7020B6724800253DA3 /* Release */,
			);
			defaultConfigurationIsVisible = 0;
			defaultConfigurationName = Release;
		};
		F0DEAF7120B6724800253DA3 /* Build configuration list for PBXNativeTarget "OfflineVoiceRecognition" */ = {
			isa = XCConfigurationList;
			buildConfigurations = (
				F0DEAF7220B6724800253DA3 /* Debug */,
				F0DEAF7320B6724800253DA3 /* Release */,
			);
			defaultConfigurationIsVisible = 0;
			defaultConfigurationName = Release;
		};
		F0DEAF7420B6724800253DA3 /* Build configuration list for PBXNativeTarget "OfflineVoiceRecognitionTests" */ = {
			isa = XCConfigurationList;
			buildConfigurations = (
				F0DEAF7520B6724800253DA3 /* Debug */,
				F0DEAF7620B6724800253DA3 /* Release */,
			);
			defaultConfigurationIsVisible = 0;
			defaultConfigurationName = Release;
		};
		F0DEAF7720B6724800253DA3 /* Build configuration list for PBXNativeTarget "OfflineVoiceRecognitionUITests" */ = {
			isa = XCConfigurationList;
			buildConfigurations = (
				F0DEAF7820B6724800253DA3 /* Debug */,
				F0DEAF7920B6724800253DA3 /* Release */,
			);
			defaultConfigurationIsVisible = 0;
			defaultConfigurationName = Release;
		};
/* End XCConfigurationList section */
	};
	rootObject = F0DEAF4120B6724700253DA3 /* Project object */;
}
